// !$*UTF8*$!
{
	archiveVersion = 1;
	classes = {
	};
	objectVersion = 46;
	objects = {

/* Begin PBXBuildFile section */
		B13FCA641886AC57008FB67E /* Default-568h@2x.png in Resources */ = {isa = PBXBuildFile; fileRef = B13FCA631886AC57008FB67E /* Default-568h@2x.png */; };
		D16EEBF314D9D98900CFDD60 /* UIKit.framework in Frameworks */ = {isa = PBXBuildFile; fileRef = D16EEBF214D9D98900CFDD60 /* UIKit.framework */; };
		D16EEBF514D9D98900CFDD60 /* Foundation.framework in Frameworks */ = {isa = PBXBuildFile; fileRef = D16EEBF414D9D98900CFDD60 /* Foundation.framework */; };
		D16EEBF714D9D98900CFDD60 /* CoreGraphics.framework in Frameworks */ = {isa = PBXBuildFile; fileRef = D16EEBF614D9D98900CFDD60 /* CoreGraphics.framework */; };
		D16EEBFD14D9D98900CFDD60 /* InfoPlist.strings in Resources */ = {isa = PBXBuildFile; fileRef = D16EEBFB14D9D98900CFDD60 /* InfoPlist.strings */; };
		D16EEBFF14D9D98900CFDD60 /* main.m in Sources */ = {isa = PBXBuildFile; fileRef = D16EEBFE14D9D98900CFDD60 /* main.m */; };
		D16EEC0314D9D98900CFDD60 /* AppDelegate.m in Sources */ = {isa = PBXBuildFile; fileRef = D16EEC0214D9D98900CFDD60 /* AppDelegate.m */; };
		D16EEC0614D9D98900CFDD60 /* MainStoryboard.storyboard in Resources */ = {isa = PBXBuildFile; fileRef = D16EEC0414D9D98900CFDD60 /* MainStoryboard.storyboard */; };
		D16EEC1114D9D9E800CFDD60 /* FirstViewController.m in Sources */ = {isa = PBXBuildFile; fileRef = D16EEC1014D9D9E800CFDD60 /* FirstViewController.m */; };
		D16EEC1414D9DAC500CFDD60 /* SecondViewController.m in Sources */ = {isa = PBXBuildFile; fileRef = D16EEC1314D9DAC500CFDD60 /* SecondViewController.m */; };
		D16EEC1714D9DAD000CFDD60 /* ThirdViewController.m in Sources */ = {isa = PBXBuildFile; fileRef = D16EEC1614D9DAD000CFDD60 /* ThirdViewController.m */; };
/* End PBXBuildFile section */

/* Begin PBXFileReference section */
		B13FCA631886AC57008FB67E /* Default-568h@2x.png */ = {isa = PBXFileReference; lastKnownFileType = image.png; name = "Default-568h@2x.png"; path = "../Default-568h@2x.png"; sourceTree = "<group>"; };
		D16EEBEE14D9D98900CFDD60 /* ViewApp.app */ = {isa = PBXFileReference; explicitFileType = wrapper.application; includeInIndex = 0; path = ViewApp.app; sourceTree = BUILT_PRODUCTS_DIR; };
		D16EEBF214D9D98900CFDD60 /* UIKit.framework */ = {isa = PBXFileReference; lastKnownFileType = wrapper.framework; name = UIKit.framework; path = System/Library/Frameworks/UIKit.framework; sourceTree = SDKROOT; };
		D16EEBF414D9D98900CFDD60 /* Foundation.framework */ = {isa = PBXFileReference; lastKnownFileType = wrapper.framework; name = Foundation.framework; path = System/Library/Frameworks/Foundation.framework; sourceTree = SDKROOT; };
		D16EEBF614D9D98900CFDD60 /* CoreGraphics.framework */ = {isa = PBXFileReference; lastKnownFileType = wrapper.framework; name = CoreGraphics.framework; path = System/Library/Frameworks/CoreGraphics.framework; sourceTree = SDKROOT; };
		D16EEBFA14D9D98900CFDD60 /* ViewApp-Info.plist */ = {isa = PBXFileReference; lastKnownFileType = text.plist.xml; path = "ViewApp-Info.plist"; sourceTree = "<group>"; };
		D16EEBFC14D9D98900CFDD60 /* en */ = {isa = PBXFileReference; lastKnownFileType = text.plist.strings; name = en; path = en.lproj/InfoPlist.strings; sourceTree = "<group>"; };
		D16EEBFE14D9D98900CFDD60 /* main.m */ = {isa = PBXFileReference; lastKnownFileType = sourcecode.c.objc; path = main.m; sourceTree = "<group>"; };
		D16EEC0014D9D98900CFDD60 /* ViewApp-Prefix.pch */ = {isa = PBXFileReference; lastKnownFileType = sourcecode.c.h; path = "ViewApp-Prefix.pch"; sourceTree = "<group>"; };
		D16EEC0114D9D98900CFDD60 /* AppDelegate.h */ = {isa = PBXFileReference; lastKnownFileType = sourcecode.c.h; path = AppDelegate.h; sourceTree = "<group>"; };
		D16EEC0214D9D98900CFDD60 /* AppDelegate.m */ = {isa = PBXFileReference; lastKnownFileType = sourcecode.c.objc; path = AppDelegate.m; sourceTree = "<group>"; };
		D16EEC0514D9D98900CFDD60 /* en */ = {isa = PBXFileReference; lastKnownFileType = file.storyboard; name = en; path = en.lproj/MainStoryboard.storyboard; sourceTree = "<group>"; };
		D16EEC0F14D9D9E800CFDD60 /* FirstViewController.h */ = {isa = PBXFileReference; fileEncoding = 4; lastKnownFileType = sourcecode.c.h; path = FirstViewController.h; sourceTree = "<group>"; };
		D16EEC1014D9D9E800CFDD60 /* FirstViewController.m */ = {isa = PBXFileReference; fileEncoding = 4; lastKnownFileType = sourcecode.c.objc; path = FirstViewController.m; sourceTree = "<group>"; };
		D16EEC1214D9DAC500CFDD60 /* SecondViewController.h */ = {isa = PBXFileReference; fileEncoding = 4; lastKnownFileType = sourcecode.c.h; path = SecondViewController.h; sourceTree = "<group>"; };
		D16EEC1314D9DAC500CFDD60 /* SecondViewController.m */ = {isa = PBXFileReference; fileEncoding = 4; lastKnownFileType = sourcecode.c.objc; path = SecondViewController.m; sourceTree = "<group>"; };
		D16EEC1514D9DAD000CFDD60 /* ThirdViewController.h */ = {isa = PBXFileReference; fileEncoding = 4; lastKnownFileType = sourcecode.c.h; path = ThirdViewController.h; sourceTree = "<group>"; };
		D16EEC1614D9DAD000CFDD60 /* ThirdViewController.m */ = {isa = PBXFileReference; fileEncoding = 4; lastKnownFileType = sourcecode.c.objc; path = ThirdViewController.m; sourceTree = "<group>"; wrapsLines = 0; };
/* End PBXFileReference section */

/* Begin PBXFrameworksBuildPhase section */
		D16EEBEB14D9D98900CFDD60 /* Frameworks */ = {
			isa = PBXFrameworksBuildPhase;
			buildActionMask = 2147483647;
			files = (
				D16EEBF314D9D98900CFDD60 /* UIKit.framework in Frameworks */,
				D16EEBF514D9D98900CFDD60 /* Foundation.framework in Frameworks */,
				D16EEBF714D9D98900CFDD60 /* CoreGraphics.framework in Frameworks */,
			);
			runOnlyForDeploymentPostprocessing = 0;
		};
/* End PBXFrameworksBuildPhase section */

/* Begin PBXGroup section */
		D16EEBE314D9D98800CFDD60 = {
			isa = PBXGroup;
			children = (
				D16EEBF814D9D98900CFDD60 /* ViewApp */,
				D16EEBF114D9D98900CFDD60 /* Frameworks */,
				D16EEBEF14D9D98900CFDD60 /* Products */,
			);
			sourceTree = "<group>";
		};
		D16EEBEF14D9D98900CFDD60 /* Products */ = {
			isa = PBXGroup;
			children = (
				D16EEBEE14D9D98900CFDD60 /* ViewApp.app */,
			);
			name = Products;
			sourceTree = "<group>";
		};
		D16EEBF114D9D98900CFDD60 /* Frameworks */ = {
			isa = PBXGroup;
			children = (
				D16EEBF214D9D98900CFDD60 /* UIKit.framework */,
				D16EEBF414D9D98900CFDD60 /* Foundation.framework */,
				D16EEBF614D9D98900CFDD60 /* CoreGraphics.framework */,
			);
			name = Frameworks;
			sourceTree = "<group>";
		};
		D16EEBF814D9D98900CFDD60 /* ViewApp */ = {
			isa = PBXGroup;
			children = (
				D16EEC0114D9D98900CFDD60 /* AppDelegate.h */,
				D16EEC0214D9D98900CFDD60 /* AppDelegate.m */,
				D16EEC0414D9D98900CFDD60 /* MainStoryboard.storyboard */,
				D16EEC0F14D9D9E800CFDD60 /* FirstViewController.h */,
				D16EEC1014D9D9E800CFDD60 /* FirstViewController.m */,
				D16EEC1214D9DAC500CFDD60 /* SecondViewController.h */,
				D16EEC1314D9DAC500CFDD60 /* SecondViewController.m */,
				D16EEC1514D9DAD000CFDD60 /* ThirdViewController.h */,
				D16EEC1614D9DAD000CFDD60 /* ThirdViewController.m */,
				D16EEBF914D9D98900CFDD60 /* Supporting Files */,
			);
			path = ViewApp;
			sourceTree = "<group>";
		};
		D16EEBF914D9D98900CFDD60 /* Supporting Files */ = {
			isa = PBXGroup;
			children = (
				B13FCA631886AC57008FB67E /* Default-568h@2x.png */,
				D16EEBFA14D9D98900CFDD60 /* ViewApp-Info.plist */,
				D16EEBFB14D9D98900CFDD60 /* InfoPlist.strings */,
				D16EEBFE14D9D98900CFDD60 /* main.m */,
				D16EEC0014D9D98900CFDD60 /* ViewApp-Prefix.pch */,
			);
			name = "Supporting Files";
			sourceTree = "<group>";
		};
/* End PBXGroup section */

/* Begin PBXNativeTarget section */
		D16EEBED14D9D98900CFDD60 /* ViewApp */ = {
			isa = PBXNativeTarget;
			buildConfigurationList = D16EEC0C14D9D98900CFDD60 /* Build configuration list for PBXNativeTarget "ViewApp" */;
			buildPhases = (
				D16EEBEA14D9D98900CFDD60 /* Sources */,
				D16EEBEB14D9D98900CFDD60 /* Frameworks */,
				D16EEBEC14D9D98900CFDD60 /* Resources */,
			);
			buildRules = (
			);
			dependencies = (
			);
			name = ViewApp;
			productName = ViewApp;
			productReference = D16EEBEE14D9D98900CFDD60 /* ViewApp.app */;
			productType = "com.apple.product-type.application";
		};
/* End PBXNativeTarget section */

/* Begin PBXProject section */
		D16EEBE514D9D98800CFDD60 /* Project object */ = {
			isa = PBXProject;
			attributes = {
				LastUpgradeCheck = 0510;
				ORGANIZATIONNAME = "Apps and Wonders";
			};
			buildConfigurationList = D16EEBE814D9D98800CFDD60 /* Build configuration list for PBXProject "ViewApp" */;
			compatibilityVersion = "Xcode 3.2";
			developmentRegion = English;
			hasScannedForEncodings = 0;
			knownRegions = (
				en,
			);
			mainGroup = D16EEBE314D9D98800CFDD60;
			productRefGroup = D16EEBEF14D9D98900CFDD60 /* Products */;
			projectDirPath = "";
			projectRoot = "";
			targets = (
				D16EEBED14D9D98900CFDD60 /* ViewApp */,
			);
		};
/* End PBXProject section */

/* Begin PBXResourcesBuildPhase section */
		D16EEBEC14D9D98900CFDD60 /* Resources */ = {
			isa = PBXResourcesBuildPhase;
			buildActionMask = 2147483647;
			files = (
				D16EEBFD14D9D98900CFDD60 /* InfoPlist.strings in Resources */,
				D16EEC0614D9D98900CFDD60 /* MainStoryboard.storyboard in Resources */,
				B13FCA641886AC57008FB67E /* Default-568h@2x.png in Resources */,
			);
			runOnlyForDeploymentPostprocessing = 0;
		};
/* End PBXResourcesBuildPhase section */

/* Begin PBXSourcesBuildPhase section */
		D16EEBEA14D9D98900CFDD60 /* Sources */ = {
			isa = PBXSourcesBuildPhase;
			buildActionMask = 2147483647;
			files = (
				D16EEBFF14D9D98900CFDD60 /* main.m in Sources */,
				D16EEC0314D9D98900CFDD60 /* AppDelegate.m in Sources */,
				D16EEC1114D9D9E800CFDD60 /* FirstViewController.m in Sources */,
				D16EEC1414D9DAC500CFDD60 /* SecondViewController.m in Sources */,
				D16EEC1714D9DAD000CFDD60 /* ThirdViewController.m in Sources */,
			);
			runOnlyForDeploymentPostprocessing = 0;
		};
/* End PBXSourcesBuildPhase section */

/* Begin PBXVariantGroup section */
		D16EEBFB14D9D98900CFDD60 /* InfoPlist.strings */ = {
			isa = PBXVariantGroup;
			children = (
				D16EEBFC14D9D98900CFDD60 /* en */,
			);
			name = InfoPlist.strings;
			sourceTree = "<group>";
		};
		D16EEC0414D9D98900CFDD60 /* MainStoryboard.storyboard */ = {
			isa = PBXVariantGroup;
			children = (
				D16EEC0514D9D98900CFDD60 /* en */,
			);
			name = MainStoryboard.storyboard;
			sourceTree = "<group>";
		};
/* End PBXVariantGroup section */

/* Begin XCBuildConfiguration section */
		D16EEC0A14D9D98900CFDD60 /* Debug */ = {
			isa = XCBuildConfiguration;
			buildSettings = {
				ALWAYS_SEARCH_USER_PATHS = NO;
				CLANG_ENABLE_OBJC_ARC = YES;
				CLANG_WARN_BOOL_CONVERSION = YES;
				CLANG_WARN_CONSTANT_CONVERSION = YES;
				CLANG_WARN_EMPTY_BODY = YES;
				CLANG_WARN_ENUM_CONVERSION = YES;
				CLANG_WARN_INT_CONVERSION = YES;
				CLANG_WARN__DUPLICATE_METHOD_MATCH = YES;
				"CODE_SIGN_IDENTITY[sdk=iphoneos*]" = "iPhone Developer";
				COPY_PHASE_STRIP = NO;
				GCC_C_LANGUAGE_STANDARD = gnu99;
				GCC_DYNAMIC_NO_PIC = NO;
				GCC_OPTIMIZATION_LEVEL = 0;
				GCC_PREPROCESSOR_DEFINITIONS = (
					"DEBUG=1",
					"$(inherited)",
				);
				GCC_SYMBOLS_PRIVATE_EXTERN = NO;
				GCC_VERSION = com.apple.compilers.llvm.clang.1_0;
				GCC_WARN_64_TO_32_BIT_CONVERSION = YES;
				GCC_WARN_ABOUT_MISSING_PROTOTYPES = YES;
				GCC_WARN_ABOUT_RETURN_TYPE = YES;
				GCC_WARN_UNDECLARED_SELECTOR = YES;
				GCC_WARN_UNINITIALIZED_AUTOS = YES;
				GCC_WARN_UNUSED_FUNCTION = YES;
				GCC_WARN_UNUSED_VARIABLE = YES;
				IPHONEOS_DEPLOYMENT_TARGET = 5.0;
				ONLY_ACTIVE_ARCH = YES;
				SDKROOT = iphoneos;
			};
			name = Debug;
		};
		D16EEC0B14D9D98900CFDD60 /* Release */ = {
			isa = XCBuildConfiguration;
			buildSettings = {
				ALWAYS_SEARCH_USER_PATHS = NO;
				CLANG_ENABLE_OBJC_ARC = YES;
				CLANG_WARN_BOOL_CONVERSION = YES;
				CLANG_WARN_CONSTANT_CONVERSION = YES;
				CLANG_WARN_EMPTY_BODY = YES;
				CLANG_WARN_ENUM_CONVERSION = YES;
				CLANG_WARN_INT_CONVERSION = YES;
				CLANG_WARN__DUPLICATE_METHOD_MATCH = YES;
				"CODE_SIGN_IDENTITY[sdk=iphoneos*]" = "iPhone Developer";
				COPY_PHASE_STRIP = YES;
				GCC_C_LANGUAGE_STANDARD = gnu99;
				GCC_VERSION = com.apple.compilers.llvm.clang.1_0;
				GCC_WARN_64_TO_32_BIT_CONVERSION = YES;
				GCC_WARN_ABOUT_MISSING_PROTOTYPES = YES;
				GCC_WARN_ABOUT_RETURN_TYPE = YES;
				GCC_WARN_UNDECLARED_SELECTOR = YES;
				GCC_WARN_UNINITIALIZED_AUTOS = YES;
				GCC_WARN_UNUSED_FUNCTION = YES;
				GCC_WARN_UNUSED_VARIABLE = YES;
				IPHONEOS_DEPLOYMENT_TARGET = 5.0;
				OTHER_CFLAGS = "-DNS_BLOCK_ASSERTIONS=1";
				SDKROOT = iphoneos;
				VALIDATE_PRODUCT = YES;
			};
			name = Release;
		};
		D16EEC0D14D9D98900CFDD60 /* Debug */ = {
			isa = XCBuildConfiguration;
			buildSettings = {
				CLANG_ENABLE_MODULES = YES;
				GCC_PRECOMPILE_PREFIX_HEADER = YES;
				GCC_PREFIX_HEADER = "ViewApp/ViewApp-Prefix.pch";
				INFOPLIST_FILE = "ViewApp/ViewApp-Info.plist";
				IPHONEOS_DEPLOYMENT_TARGET = 7.0;
				PRODUCT_NAME = "$(TARGET_NAME)";
				WRAPPER_EXTENSION = app;
			};
			name = Debug;
		};
		D16EEC0E14D9D98900CFDD60 /* Release */ = {
			isa = XCBuildConfiguration;
			buildSettings = {
				CLANG_ENABLE_MODULES = YES;
				GCC_PRECOMPILE_PREFIX_HEADER = YES;
				GCC_PREFIX_HEADER = "ViewApp/ViewApp-Prefix.pch";
				INFOPLIST_FILE = "ViewApp/ViewApp-Info.plist";
				IPHONEOS_DEPLOYMENT_TARGET = 7.0;
				PRODUCT_NAME = "$(TARGET_NAME)";
				WRAPPER_EXTENSION = app;
			};
			name = Release;
		};
/* End XCBuildConfiguration section */

/* Begin XCConfigurationList section */
		D16EEBE814D9D98800CFDD60 /* Build configuration list for PBXProject "ViewApp" */ = {
			isa = XCConfigurationList;
			buildConfigurations = (
				D16EEC0A14D9D98900CFDD60 /* Debug */,
				D16EEC0B14D9D98900CFDD60 /* Release */,
			);
			defaultConfigurationIsVisible = 0;
			defaultConfigurationName = Release;
		};
		D16EEC0C14D9D98900CFDD60 /* Build configuration list for PBXNativeTarget "ViewApp" */ = {
			isa = XCConfigurationList;
			buildConfigurations = (
				D16EEC0D14D9D98900CFDD60 /* Debug */,
				D16EEC0E14D9D98900CFDD60 /* Release */,
			);
			defaultConfigurationIsVisible = 0;
			defaultConfigurationName = Release;
		};
/* End XCConfigurationList section */
	};
	rootObject = D16EEBE514D9D98800CFDD60 /* Project object */;
}
