// !$*UTF8*$!
{
	archiveVersion = 1;
	classes = {
	};
	objectVersion = 46;
	objects = {

/* Begin PBXBuildFile section */
		7654BC1E1A349669005D6DC9 /* NewLinkViewController.m in Sources */ = {isa = PBXBuildFile; fileRef = 7654BC1D1A349669005D6DC9 /* NewLinkViewController.m */; };
		B17FC59A19DEE44600621EA7 /* main.m in Sources */ = {isa = PBXBuildFile; fileRef = B17FC59919DEE44600621EA7 /* main.m */; };
		B17FC59D19DEE44600621EA7 /* AppDelegate.m in Sources */ = {isa = PBXBuildFile; fileRef = B17FC59C19DEE44600621EA7 /* AppDelegate.m */; };
		B17FC5A019DEE44600621EA7 /* MasterViewController.m in Sources */ = {isa = PBXBuildFile; fileRef = B17FC59F19DEE44600621EA7 /* MasterViewController.m */; };
		B17FC5A319DEE44600621EA7 /* DetailViewController.m in Sources */ = {isa = PBXBuildFile; fileRef = B17FC5A219DEE44600621EA7 /* DetailViewController.m */; };
		B17FC5A619DEE44600621EA7 /* Main.storyboard in Resources */ = {isa = PBXBuildFile; fileRef = B17FC5A419DEE44600621EA7 /* Main.storyboard */; };
		B17FC5A819DEE44600621EA7 /* Images.xcassets in Resources */ = {isa = PBXBuildFile; fileRef = B17FC5A719DEE44600621EA7 /* Images.xcassets */; };
		B17FC5B719DEE44600621EA7 /* FavouritesTests.m in Sources */ = {isa = PBXBuildFile; fileRef = B17FC5B619DEE44600621EA7 /* FavouritesTests.m */; };
		B17FC5C219DEE4BC00621EA7 /* Link.m in Sources */ = {isa = PBXBuildFile; fileRef = B17FC5C119DEE4BC00621EA7 /* Link.m */; };
/* End PBXBuildFile section */

/* Begin PBXContainerItemProxy section */
		B17FC5B119DEE44600621EA7 /* PBXContainerItemProxy */ = {
			isa = PBXContainerItemProxy;
			containerPortal = B17FC58C19DEE44600621EA7 /* Project object */;
			proxyType = 1;
			remoteGlobalIDString = B17FC59319DEE44600621EA7;
			remoteInfo = Favourites;
		};
/* End PBXContainerItemProxy section */

/* Begin PBXFileReference section */
		7654BC1C1A349669005D6DC9 /* NewLinkViewController.h */ = {isa = PBXFileReference; fileEncoding = 4; lastKnownFileType = sourcecode.c.h; path = NewLinkViewController.h; sourceTree = "<group>"; };
		7654BC1D1A349669005D6DC9 /* NewLinkViewController.m */ = {isa = PBXFileReference; fileEncoding = 4; lastKnownFileType = sourcecode.c.objc; path = NewLinkViewController.m; sourceTree = "<group>"; };
		B17FC59419DEE44600621EA7 /* Favourites.app */ = {isa = PBXFileReference; explicitFileType = wrapper.application; includeInIndex = 0; path = Favourites.app; sourceTree = BUILT_PRODUCTS_DIR; };
		B17FC59819DEE44600621EA7 /* Info.plist */ = {isa = PBXFileReference; lastKnownFileType = text.plist.xml; path = Info.plist; sourceTree = "<group>"; };
		B17FC59919DEE44600621EA7 /* main.m */ = {isa = PBXFileReference; lastKnownFileType = sourcecode.c.objc; path = main.m; sourceTree = "<group>"; };
		B17FC59B19DEE44600621EA7 /* AppDelegate.h */ = {isa = PBXFileReference; lastKnownFileType = sourcecode.c.h; path = AppDelegate.h; sourceTree = "<group>"; };
		B17FC59C19DEE44600621EA7 /* AppDelegate.m */ = {isa = PBXFileReference; lastKnownFileType = sourcecode.c.objc; path = AppDelegate.m; sourceTree = "<group>"; };
		B17FC59E19DEE44600621EA7 /* MasterViewController.h */ = {isa = PBXFileReference; lastKnownFileType = sourcecode.c.h; path = MasterViewController.h; sourceTree = "<group>"; };
		B17FC59F19DEE44600621EA7 /* MasterViewController.m */ = {isa = PBXFileReference; lastKnownFileType = sourcecode.c.objc; path = MasterViewController.m; sourceTree = "<group>"; };
		B17FC5A119DEE44600621EA7 /* DetailViewController.h */ = {isa = PBXFileReference; lastKnownFileType = sourcecode.c.h; path = DetailViewController.h; sourceTree = "<group>"; };
		B17FC5A219DEE44600621EA7 /* DetailViewController.m */ = {isa = PBXFileReference; lastKnownFileType = sourcecode.c.objc; path = DetailViewController.m; sourceTree = "<group>"; };
		B17FC5A519DEE44600621EA7 /* Base */ = {isa = PBXFileReference; lastKnownFileType = file.storyboard; name = Base; path = Base.lproj/Main.storyboard; sourceTree = "<group>"; };
		B17FC5A719DEE44600621EA7 /* Images.xcassets */ = {isa = PBXFileReference; lastKnownFileType = folder.assetcatalog; path = Images.xcassets; sourceTree = "<group>"; };
		B17FC5B019DEE44600621EA7 /* FavouritesTests.xctest */ = {isa = PBXFileReference; explicitFileType = wrapper.cfbundle; includeInIndex = 0; path = FavouritesTests.xctest; sourceTree = BUILT_PRODUCTS_DIR; };
		B17FC5B519DEE44600621EA7 /* Info.plist */ = {isa = PBXFileReference; lastKnownFileType = text.plist.xml; path = Info.plist; sourceTree = "<group>"; };
		B17FC5B619DEE44600621EA7 /* FavouritesTests.m */ = {isa = PBXFileReference; lastKnownFileType = sourcecode.c.objc; path = FavouritesTests.m; sourceTree = "<group>"; };
		B17FC5C019DEE4BC00621EA7 /* Link.h */ = {isa = PBXFileReference; fileEncoding = 4; lastKnownFileType = sourcecode.c.h; path = Link.h; sourceTree = "<group>"; };
		B17FC5C119DEE4BC00621EA7 /* Link.m */ = {isa = PBXFileReference; fileEncoding = 4; lastKnownFileType = sourcecode.c.objc; path = Link.m; sourceTree = "<group>"; };
/* End PBXFileReference section */

/* Begin PBXFrameworksBuildPhase section */
		B17FC59119DEE44600621EA7 /* Frameworks */ = {
			isa = PBXFrameworksBuildPhase;
			buildActionMask = 2147483647;
			files = (
			);
			runOnlyForDeploymentPostprocessing = 0;
		};
		B17FC5AD19DEE44600621EA7 /* Frameworks */ = {
			isa = PBXFrameworksBuildPhase;
			buildActionMask = 2147483647;
			files = (
			);
			runOnlyForDeploymentPostprocessing = 0;
		};
/* End PBXFrameworksBuildPhase section */

/* Begin PBXGroup section */
		B17FC58B19DEE44600621EA7 = {
			isa = PBXGroup;
			children = (
				B17FC59619DEE44600621EA7 /* Favourites */,
				B17FC5B319DEE44600621EA7 /* FavouritesTests */,
				B17FC59519DEE44600621EA7 /* Products */,
			);
			sourceTree = "<group>";
		};
		B17FC59519DEE44600621EA7 /* Products */ = {
			isa = PBXGroup;
			children = (
				B17FC59419DEE44600621EA7 /* Favourites.app */,
				B17FC5B019DEE44600621EA7 /* FavouritesTests.xctest */,
			);
			name = Products;
			sourceTree = "<group>";
		};
		B17FC59619DEE44600621EA7 /* Favourites */ = {
			isa = PBXGroup;
			children = (
				B17FC5C319DEF03600621EA7 /* Model */,
				B17FC5C419DEF04200621EA7 /* Controller */,
				B17FC5A419DEE44600621EA7 /* Main.storyboard */,
				B17FC5A719DEE44600621EA7 /* Images.xcassets */,
				B17FC59719DEE44600621EA7 /* Supporting Files */,
			);
			path = Favourites;
			sourceTree = "<group>";
		};
		B17FC59719DEE44600621EA7 /* Supporting Files */ = {
			isa = PBXGroup;
			children = (
				B17FC59B19DEE44600621EA7 /* AppDelegate.h */,
				B17FC59C19DEE44600621EA7 /* AppDelegate.m */,
				B17FC59819DEE44600621EA7 /* Info.plist */,
				B17FC59919DEE44600621EA7 /* main.m */,
			);
			name = "Supporting Files";
			sourceTree = "<group>";
		};
		B17FC5B319DEE44600621EA7 /* FavouritesTests */ = {
			isa = PBXGroup;
			children = (
				B17FC5B619DEE44600621EA7 /* FavouritesTests.m */,
				B17FC5B419DEE44600621EA7 /* Supporting Files */,
			);
			path = FavouritesTests;
			sourceTree = "<group>";
		};
		B17FC5B419DEE44600621EA7 /* Supporting Files */ = {
			isa = PBXGroup;
			children = (
				B17FC5B519DEE44600621EA7 /* Info.plist */,
			);
			name = "Supporting Files";
			sourceTree = "<group>";
		};
		B17FC5C319DEF03600621EA7 /* Model */ = {
			isa = PBXGroup;
			children = (
				B17FC5C019DEE4BC00621EA7 /* Link.h */,
				B17FC5C119DEE4BC00621EA7 /* Link.m */,
			);
			name = Model;
			sourceTree = "<group>";
		};
		B17FC5C419DEF04200621EA7 /* Controller */ = {
			isa = PBXGroup;
			children = (
				B17FC59E19DEE44600621EA7 /* MasterViewController.h */,
				B17FC59F19DEE44600621EA7 /* MasterViewController.m */,
				B17FC5A119DEE44600621EA7 /* DetailViewController.h */,
				B17FC5A219DEE44600621EA7 /* DetailViewController.m */,
				7654BC1C1A349669005D6DC9 /* NewLinkViewController.h */,
				7654BC1D1A349669005D6DC9 /* NewLinkViewController.m */,
			);
			name = Controller;
			sourceTree = "<group>";
		};
/* End PBXGroup section */

/* Begin PBXNativeTarget section */
		B17FC59319DEE44600621EA7 /* Favourites */ = {
			isa = PBXNativeTarget;
			buildConfigurationList = B17FC5BA19DEE44600621EA7 /* Build configuration list for PBXNativeTarget "Favourites" */;
			buildPhases = (
				B17FC59019DEE44600621EA7 /* Sources */,
				B17FC59119DEE44600621EA7 /* Frameworks */,
				B17FC59219DEE44600621EA7 /* Resources */,
			);
			buildRules = (
			);
			dependencies = (
			);
			name = Favourites;
			productName = Favourites;
			productReference = B17FC59419DEE44600621EA7 /* Favourites.app */;
			productType = "com.apple.product-type.application";
		};
		B17FC5AF19DEE44600621EA7 /* FavouritesTests */ = {
			isa = PBXNativeTarget;
			buildConfigurationList = B17FC5BD19DEE44600621EA7 /* Build configuration list for PBXNativeTarget "FavouritesTests" */;
			buildPhases = (
				B17FC5AC19DEE44600621EA7 /* Sources */,
				B17FC5AD19DEE44600621EA7 /* Frameworks */,
				B17FC5AE19DEE44600621EA7 /* Resources */,
			);
			buildRules = (
			);
			dependencies = (
				B17FC5B219DEE44600621EA7 /* PBXTargetDependency */,
			);
			name = FavouritesTests;
			productName = FavouritesTests;
			productReference = B17FC5B019DEE44600621EA7 /* FavouritesTests.xctest */;
			productType = "com.apple.product-type.bundle.unit-test";
		};
/* End PBXNativeTarget section */

/* Begin PBXProject section */
		B17FC58C19DEE44600621EA7 /* Project object */ = {
			isa = PBXProject;
			attributes = {
				LastUpgradeCheck = 0600;
				ORGANIZATIONNAME = "Linköpings University";
				TargetAttributes = {
					B17FC59319DEE44600621EA7 = {
						CreatedOnToolsVersion = 6.0.1;
					};
					B17FC5AF19DEE44600621EA7 = {
						CreatedOnToolsVersion = 6.0.1;
						TestTargetID = B17FC59319DEE44600621EA7;
					};
				};
			};
			buildConfigurationList = B17FC58F19DEE44600621EA7 /* Build configuration list for PBXProject "Favourites" */;
			compatibilityVersion = "Xcode 3.2";
			developmentRegion = English;
			hasScannedForEncodings = 0;
			knownRegions = (
				en,
				Base,
			);
			mainGroup = B17FC58B19DEE44600621EA7;
			productRefGroup = B17FC59519DEE44600621EA7 /* Products */;
			projectDirPath = "";
			projectRoot = "";
			targets = (
				B17FC59319DEE44600621EA7 /* Favourites */,
				B17FC5AF19DEE44600621EA7 /* FavouritesTests */,
			);
		};
/* End PBXProject section */

/* Begin PBXResourcesBuildPhase section */
		B17FC59219DEE44600621EA7 /* Resources */ = {
			isa = PBXResourcesBuildPhase;
			buildActionMask = 2147483647;
			files = (
				B17FC5A619DEE44600621EA7 /* Main.storyboard in Resources */,
				B17FC5A819DEE44600621EA7 /* Images.xcassets in Resources */,
			);
			runOnlyForDeploymentPostprocessing = 0;
		};
		B17FC5AE19DEE44600621EA7 /* Resources */ = {
			isa = PBXResourcesBuildPhase;
			buildActionMask = 2147483647;
			files = (
			);
			runOnlyForDeploymentPostprocessing = 0;
		};
/* End PBXResourcesBuildPhase section */

/* Begin PBXSourcesBuildPhase section */
		B17FC59019DEE44600621EA7 /* Sources */ = {
			isa = PBXSourcesBuildPhase;
			buildActionMask = 2147483647;
			files = (
				B17FC5C219DEE4BC00621EA7 /* Link.m in Sources */,
				B17FC59D19DEE44600621EA7 /* AppDelegate.m in Sources */,
				B17FC5A019DEE44600621EA7 /* MasterViewController.m in Sources */,
				B17FC59A19DEE44600621EA7 /* main.m in Sources */,
				B17FC5A319DEE44600621EA7 /* DetailViewController.m in Sources */,
				7654BC1E1A349669005D6DC9 /* NewLinkViewController.m in Sources */,
			);
			runOnlyForDeploymentPostprocessing = 0;
		};
		B17FC5AC19DEE44600621EA7 /* Sources */ = {
			isa = PBXSourcesBuildPhase;
			buildActionMask = 2147483647;
			files = (
				B17FC5B719DEE44600621EA7 /* FavouritesTests.m in Sources */,
			);
			runOnlyForDeploymentPostprocessing = 0;
		};
/* End PBXSourcesBuildPhase section */

/* Begin PBXTargetDependency section */
		B17FC5B219DEE44600621EA7 /* PBXTargetDependency */ = {
			isa = PBXTargetDependency;
			target = B17FC59319DEE44600621EA7 /* Favourites */;
			targetProxy = B17FC5B119DEE44600621EA7 /* PBXContainerItemProxy */;
		};
/* End PBXTargetDependency section */

/* Begin PBXVariantGroup section */
		B17FC5A419DEE44600621EA7 /* Main.storyboard */ = {
			isa = PBXVariantGroup;
			children = (
				B17FC5A519DEE44600621EA7 /* Base */,
			);
			name = Main.storyboard;
			sourceTree = "<group>";
		};
/* End PBXVariantGroup section */

/* Begin XCBuildConfiguration section */
		B17FC5B819DEE44600621EA7 /* Debug */ = {
			isa = XCBuildConfiguration;
			buildSettings = {
				ALWAYS_SEARCH_USER_PATHS = NO;
				CLANG_CXX_LANGUAGE_STANDARD = "gnu++0x";
				CLANG_CXX_LIBRARY = "libc++";
				CLANG_ENABLE_MODULES = YES;
				CLANG_ENABLE_OBJC_ARC = YES;
				CLANG_WARN_BOOL_CONVERSION = YES;
				CLANG_WARN_CONSTANT_CONVERSION = YES;
				CLANG_WARN_DIRECT_OBJC_ISA_USAGE = YES_ERROR;
				CLANG_WARN_EMPTY_BODY = YES;
				CLANG_WARN_ENUM_CONVERSION = YES;
				CLANG_WARN_INT_CONVERSION = YES;
				CLANG_WARN_OBJC_ROOT_CLASS = YES_ERROR;
				CLANG_WARN_UNREACHABLE_CODE = YES;
				CLANG_WARN__DUPLICATE_METHOD_MATCH = YES;
				"CODE_SIGN_IDENTITY[sdk=iphoneos*]" = "iPhone Developer";
				COPY_PHASE_STRIP = NO;
				ENABLE_STRICT_OBJC_MSGSEND = YES;
				GCC_C_LANGUAGE_STANDARD = gnu99;
				GCC_DYNAMIC_NO_PIC = NO;
				GCC_OPTIMIZATION_LEVEL = 0;
				GCC_PREPROCESSOR_DEFINITIONS = (
					"DEBUG=1",
					"$(inherited)",
				);
				GCC_SYMBOLS_PRIVATE_EXTERN = NO;
				GCC_WARN_64_TO_32_BIT_CONVERSION = YES;
				GCC_WARN_ABOUT_RETURN_TYPE = YES_ERROR;
				GCC_WARN_UNDECLARED_SELECTOR = YES;
				GCC_WARN_UNINITIALIZED_AUTOS = YES_AGGRESSIVE;
				GCC_WARN_UNUSED_FUNCTION = YES;
				GCC_WARN_UNUSED_VARIABLE = YES;
				IPHONEOS_DEPLOYMENT_TARGET = 8.0;
				MTL_ENABLE_DEBUG_INFO = YES;
				ONLY_ACTIVE_ARCH = YES;
				SDKROOT = iphoneos;
				TARGETED_DEVICE_FAMILY = "1,2";
			};
			name = Debug;
		};
		B17FC5B919DEE44600621EA7 /* Release */ = {
			isa = XCBuildConfiguration;
			buildSettings = {
				ALWAYS_SEARCH_USER_PATHS = NO;
				CLANG_CXX_LANGUAGE_STANDARD = "gnu++0x";
				CLANG_CXX_LIBRARY = "libc++";
				CLANG_ENABLE_MODULES = YES;
				CLANG_ENABLE_OBJC_ARC = YES;
				CLANG_WARN_BOOL_CONVERSION = YES;
				CLANG_WARN_CONSTANT_CONVERSION = YES;
				CLANG_WARN_DIRECT_OBJC_ISA_USAGE = YES_ERROR;
				CLANG_WARN_EMPTY_BODY = YES;
				CLANG_WARN_ENUM_CONVERSION = YES;
				CLANG_WARN_INT_CONVERSION = YES;
				CLANG_WARN_OBJC_ROOT_CLASS = YES_ERROR;
				CLANG_WARN_UNREACHABLE_CODE = YES;
				CLANG_WARN__DUPLICATE_METHOD_MATCH = YES;
				"CODE_SIGN_IDENTITY[sdk=iphoneos*]" = "iPhone Developer";
				COPY_PHASE_STRIP = YES;
				ENABLE_NS_ASSERTIONS = NO;
				ENABLE_STRICT_OBJC_MSGSEND = YES;
				GCC_C_LANGUAGE_STANDARD = gnu99;
				GCC_WARN_64_TO_32_BIT_CONVERSION = YES;
				GCC_WARN_ABOUT_RETURN_TYPE = YES_ERROR;
				GCC_WARN_UNDECLARED_SELECTOR = YES;
				GCC_WARN_UNINITIALIZED_AUTOS = YES_AGGRESSIVE;
				GCC_WARN_UNUSED_FUNCTION = YES;
				GCC_WARN_UNUSED_VARIABLE = YES;
				IPHONEOS_DEPLOYMENT_TARGET = 8.0;
				MTL_ENABLE_DEBUG_INFO = NO;
				SDKROOT = iphoneos;
				TARGETED_DEVICE_FAMILY = "1,2";
				VALIDATE_PRODUCT = YES;
			};
			name = Release;
		};
		B17FC5BB19DEE44600621EA7 /* Debug */ = {
			isa = XCBuildConfiguration;
			buildSettings = {
				ASSETCATALOG_COMPILER_APPICON_NAME = AppIcon;
				INFOPLIST_FILE = Favourites/Info.plist;
				LD_RUNPATH_SEARCH_PATHS = "$(inherited) @executable_path/Frameworks";
				PRODUCT_NAME = "$(TARGET_NAME)";
			};
			name = Debug;
		};
		B17FC5BC19DEE44600621EA7 /* Release */ = {
			isa = XCBuildConfiguration;
			buildSettings = {
				ASSETCATALOG_COMPILER_APPICON_NAME = AppIcon;
				INFOPLIST_FILE = Favourites/Info.plist;
				LD_RUNPATH_SEARCH_PATHS = "$(inherited) @executable_path/Frameworks";
				PRODUCT_NAME = "$(TARGET_NAME)";
			};
			name = Release;
		};
		B17FC5BE19DEE44600621EA7 /* Debug */ = {
			isa = XCBuildConfiguration;
			buildSettings = {
				BUNDLE_LOADER = "$(TEST_HOST)";
				FRAMEWORK_SEARCH_PATHS = (
					"$(SDKROOT)/Developer/Library/Frameworks",
					"$(inherited)",
				);
				GCC_PREPROCESSOR_DEFINITIONS = (
					"DEBUG=1",
					"$(inherited)",
				);
				INFOPLIST_FILE = FavouritesTests/Info.plist;
				LD_RUNPATH_SEARCH_PATHS = "$(inherited) @executable_path/Frameworks @loader_path/Frameworks";
				PRODUCT_NAME = "$(TARGET_NAME)";
				TEST_HOST = "$(BUILT_PRODUCTS_DIR)/Favourites.app/Favourites";
			};
			name = Debug;
		};
		B17FC5BF19DEE44600621EA7 /* Release */ = {
			isa = XCBuildConfiguration;
			buildSettings = {
				BUNDLE_LOADER = "$(TEST_HOST)";
				FRAMEWORK_SEARCH_PATHS = (
					"$(SDKROOT)/Developer/Library/Frameworks",
					"$(inherited)",
				);
				INFOPLIST_FILE = FavouritesTests/Info.plist;
				LD_RUNPATH_SEARCH_PATHS = "$(inherited) @executable_path/Frameworks @loader_path/Frameworks";
				PRODUCT_NAME = "$(TARGET_NAME)";
				TEST_HOST = "$(BUILT_PRODUCTS_DIR)/Favourites.app/Favourites";
			};
			name = Release;
		};
/* End XCBuildConfiguration section */

/* Begin XCConfigurationList section */
		B17FC58F19DEE44600621EA7 /* Build configuration list for PBXProject "Favourites" */ = {
			isa = XCConfigurationList;
			buildConfigurations = (
				B17FC5B819DEE44600621EA7 /* Debug */,
				B17FC5B919DEE44600621EA7 /* Release */,
			);
			defaultConfigurationIsVisible = 0;
			defaultConfigurationName = Release;
		};
		B17FC5BA19DEE44600621EA7 /* Build configuration list for PBXNativeTarget "Favourites" */ = {
			isa = XCConfigurationList;
			buildConfigurations = (
				B17FC5BB19DEE44600621EA7 /* Debug */,
				B17FC5BC19DEE44600621EA7 /* Release */,
			);
			defaultConfigurationIsVisible = 0;
			defaultConfigurationName = Release;
		};
		B17FC5BD19DEE44600621EA7 /* Build configuration list for PBXNativeTarget "FavouritesTests" */ = {
			isa = XCConfigurationList;
			buildConfigurations = (
				B17FC5BE19DEE44600621EA7 /* Debug */,
				B17FC5BF19DEE44600621EA7 /* Release */,
			);
			defaultConfigurationIsVisible = 0;
			defaultConfigurationName = Release;
		};
/* End XCConfigurationList section */
	};
	rootObject = B17FC58C19DEE44600621EA7 /* Project object */;
}
